# THIS IS AN AUTOGENERATED FILE. DO NOT EDIT THIS FILE DIRECTLY.
# yarn lockfile v1


"@biomejs/biome@*":
  version "2.5.1"
  resolved "https://registry.yarnpkg.com/@biomejs/biome/-/biome-2.5.1.tgz#4e642f3c80854deb1a2b9feb79f332ea6b7760ea"
  integrity sha512-IXWLCxKmae+rI7LOHS1B3EbVisQ6GRAWbhN9msa6KjNCyFWrvKZWR4oUdinaNssrV852OrSHuSPa95h1GPJc7Q==
  optionalDependencies:
    "@biomejs/cli-darwin-arm64" "2.5.1"
    "@biomejs/cli-darwin-x64" "2.5.1"
    "@biomejs/cli-linux-arm64" "2.5.1"
    "@biomejs/cli-linux-arm64-musl" "2.5.1"
    "@biomejs/cli-linux-x64" "2.5.1"
    "@biomejs/cli-linux-x64-musl" "2.5.1"
    "@biomejs/cli-win32-arm64" "2.5.1"
    "@biomejs/cli-win32-x64" "2.5.1"

"@biomejs/cli-darwin-arm64@2.5.1":
  version "2.5.1"
  resolved "https://registry.yarnpkg.com/@biomejs/cli-darwin-arm64/-/cli-darwin-arm64-2.5.1.tgz#ad4c7c5871baa235e610d100284f9f54dea24e7e"
  integrity sha512-npqDzvqv7vFaWRiNN1Te71siRgPaqS9MpqgYCdP/CrUbkJ7ApezaeaKjueKHRN/JH/6lRjJQAHi8acQDCAz22w==

"@biomejs/cli-darwin-x64@2.5.1":
  version "2.5.1"
  resolved "https://registry.yarnpkg.com/@biomejs/cli-darwin-x64/-/cli-darwin-x64-2.5.1.tgz#93e902fb0f65a6f83e85e5e66393d5dbd58fffb6"
  integrity sha512-RgwTqPAM8g2tn1j+b5oRjF/DbSBX8a4gwojtuG9XuhfK7GgomvZ9+T+tqjXiVbjLEeGJOoL6VEk8mvRTVeSybw==

"@biomejs/cli-linux-arm64-musl@2.5.1":
  version "2.5.1"
  resolved "https://registry.yarnpkg.com/@biomejs/cli-linux-arm64-musl/-/cli-linux-arm64-musl-2.5.1.tgz#e7137f0052bbe13e5edaa566f6dd3d7a075a4502"
  integrity sha512-WMcvMLgByyTqVxGlq918NBBYliq9FRR9GAQVETHb+VjGVqXCZFfHlZHC1FX4ibuYY/Hg6TJE3rHU0xVrdJXNRw==

"@biomejs/cli-linux-arm64@2.5.1":
  version "2.5.1"
  resolved "https://registry.yarnpkg.com/@biomejs/cli-linux-arm64/-/cli-linux-arm64-2.5.1.tgz#99555dc5c659bce7b5386635fd6ebd3e57e1f47c"
  integrity sha512-yhV35CzZh38VyMvTEXi3JTjxZBs++oCKK9KG8vB6VI5+uvQvZNR3BFWEKKzuOmx9DJJj7sQpZ4LQJcmbGTs3+Q==

"@biomejs/cli-linux-x64-musl@2.5.1":
  version "2.5.1"
  resolved "https://registry.yarnpkg.com/@biomejs/cli-linux-x64-musl/-/cli-linux-x64-musl-2.5.1.tgz#fdf22aeccc4f244408e33d68d1159d41e692371f"
  integrity sha512-ANTowtlLmPYm5yeMckWY8Xzb9Ix+JJP3tgHR/n6xRj1VWyIzzWtfRfih9hv9VmClwadpBvZduISZIbBsIlYG3A==

"@biomejs/cli-linux-x64@2.5.1":
  version "2.5.1"
  resolved "https://registry.yarnpkg.com/@biomejs/cli-linux-x64/-/cli-linux-x64-2.5.1.tgz#743069c77c07a76c906a889cd4877651689206a2"
  integrity sha512-J/7uHSX7NfoYDI7HijAkd8lnQIOrRb2W7j3X+tw4R+N5ExvXGsyXFiGdQcfcxfOmNQmZVSQOCDk757fwpzqQcg==

"@biomejs/cli-win32-arm64@2.5.1":
  version "2.5.1"
  resolved "https://registry.yarnpkg.com/@biomejs/cli-win32-arm64/-/cli-win32-arm64-2.5.1.tgz#dee12b224aad6cfbb2a462df41d8d5303b4540b2"
  integrity sha512-zgXnKNgWPC4iPF7Y1lR3STUeCUuZRpD6IiOrC7TZTlh0Lx6FiVUT05myuMQHQ9D+1cc7uyMldi4forE6lp0ivQ==

"@biomejs/cli-win32-x64@2.5.1":
  version "2.5.1"
  resolved "https://registry.yarnpkg.com/@biomejs/cli-win32-x64/-/cli-win32-x64-2.5.1.tgz#6c9dc4c65a996f5993228beb51df3e379f9b88d6"
  integrity sha512-6uxpR9hvaglANkZemeSiN/FhYgkGasrEGn267eXIWvjrjJ2LhDlk251IhjVJq6MXzkV2/bcXwLwSroLyPtqRZg==

"@types/aws-lambda@*":
  version "8.10.162"
  resolved "https://registry.yarnpkg.com/@types/aws-lambda/-/aws-lambda-8.10.162.tgz#589cfecdda3a996e9bdf20a73a26a0811cafb549"
  integrity sha512-Fn658grtLOci1oxi1391vvDWJRKNGWRSqfxRkmN/Iy3c0tQH1USMKEXcPYHLvope+ZgTFocx9FRQJx1muBL6qw==

"@types/node@*":
  version "26.0.1"
  resolved "https://registry.yarnpkg.com/@types/node/-/node-26.0.1.tgz#4a60e2c7a6d68bd261e265f8983bfe1601263ce3"
  integrity sha512-fc3KiUoBt6kie0N9bIW3E47vZsuaMf0PM2AaUpLCLT0s/LvX1nxAim6Fc049cNxODPpGm6qRAuUOB86SkRuPQw==
  dependencies:
    undici-types "~8.3.0"

typescript@*:
  version "6.0.3"
  resolved "https://registry.yarnpkg.com/typescript/-/typescript-6.0.3.tgz#90251dc007916e972786cb94d74d15b185577d21"
  integrity sha512-y2TvuxSZPDyQakkFRPZHKFm+KKVqIisdg9/CZwm9ftvKXLP8NRWj38/ODjNbr43SsoXqNuAisEf1GdCxqWcdBw==

undici-types@~8.3.0:
  version "8.3.0"
  resolved "https://registry.yarnpkg.com/undici-types/-/undici-types-8.3.0.tgz#44e9fc9f3244648cdea35e4f9bb2d681e9410809"
  integrity sha512-j375ScV60dom+YkPFIfTLcOiPxkN/buHz5GobjLhixFuANaNs3C9l4GmrWqejgXWJ7BbJcFYpTEUkS1Ge8bpZQ==
